
Microsoft Visual Studio Solution File, Format Version 12.00
# Visual Studio 14
VisualStudioVersion = 14.0.23107.0
MinimumVisualStudioVersion = 10.0.40219.1
Project("{FAE04EC0-301F-11D3-BF4B-00C04F79EFBC}") = "HelloWorld", "HelloWorld\HelloWorld.csproj", "{5D98BA11-E2DB-4569-89C6-9702560CF012}"
EndProject
Project("{FAE04EC0-301F-11D3-BF4B-00C04F79EFBC}") = "Rekenmachine", "Rekenmachine\Rekenmachine.csproj", "{439CF984-610A-4A29-B814-DF2B24E00AD2}"
EndProject
Project("{FAE04EC0-301F-11D3-BF4B-00C04F79EFBC}") = "App1", "App1\App1.csproj", "{31794E5D-B3D3-4BE8-8E5B-4ADDB729CB16}"
EndProject
Project("{2150E333-8FDC-42A3-9474-1A3956D46DE8}") = "Veenendaal", "Veenendaal", "{43B464B9-6A8C-4667-B614-A178A4FF7377}"
EndProject
Project("{FAE04EC0-301F-11D3-BF4B-00C04F79EFBC}") = "ToDo", "ToDo\ToDo.csproj", "{952369ED-7CFA-4086-8FD1-B595A3E9B919}"
EndProject
Project("{FAE04EC0-301F-11D3-BF4B-00C04F79EFBC}") = "ToDo_Instructor", "ToDo_Instructor\ToDo_Instructor.csproj", "{B08D3BEE-5C48-4738-9058-88039A98D714}"
EndProject
Global
	GlobalSection(SolutionConfigurationPlatforms) = preSolution
		Debug|ARM = Debug|ARM
		Debug|x64 = Debug|x64
		Debug|x86 = Debug|x86
		Release|ARM = Release|ARM
		Release|x64 = Release|x64
		Release|x86 = Release|x86
	EndGlobalSection
	GlobalSection(ProjectConfigurationPlatforms) = postSolution
		{5D98BA11-E2DB-4569-89C6-9702560CF012}.Debug|ARM.ActiveCfg = Debug|ARM
		{5D98BA11-E2DB-4569-89C6-9702560CF012}.Debug|ARM.Build.0 = Debug|ARM
		{5D98BA11-E2DB-4569-89C6-9702560CF012}.Debug|ARM.Deploy.0 = Debug|ARM
		{5D98BA11-E2DB-4569-89C6-9702560CF012}.Debug|x64.ActiveCfg = Debug|x64
		{5D98BA11-E2DB-4569-89C6-9702560CF012}.Debug|x64.Build.0 = Debug|x64
		{5D98BA11-E2DB-4569-89C6-9702560CF012}.Debug|x64.Deploy.0 = Debug|x64
		{5D98BA11-E2DB-4569-89C6-9702560CF012}.Debug|x86.ActiveCfg = Debug|x86
		{5D98BA11-E2DB-4569-89C6-9702560CF012}.Debug|x86.Build.0 = Debug|x86
		{5D98BA11-E2DB-4569-89C6-9702560CF012}.Debug|x86.Deploy.0 = Debug|x86
		{5D98BA11-E2DB-4569-89C6-9702560CF012}.Release|ARM.ActiveCfg = Release|ARM
		{5D98BA11-E2DB-4569-89C6-9702560CF012}.Release|ARM.Build.0 = Release|ARM
		{5D98BA11-E2DB-4569-89C6-9702560CF012}.Release|ARM.Deploy.0 = Release|ARM
		{5D98BA11-E2DB-4569-89C6-9702560CF012}.Release|x64.ActiveCfg = Release|x64
		{5D98BA11-E2DB-4569-89C6-9702560CF012}.Release|x64.Build.0 = Release|x64
		{5D98BA11-E2DB-4569-89C6-9702560CF012}.Release|x64.Deploy.0 = Release|x64
		{5D98BA11-E2DB-4569-89C6-9702560CF012}.Release|x86.ActiveCfg = Release|x86
		{5D98BA11-E2DB-4569-89C6-9702560CF012}.Release|x86.Build.0 = Release|x86
		{5D98BA11-E2DB-4569-89C6-9702560CF012}.Release|x86.Deploy.0 = Release|x86
		{439CF984-610A-4A29-B814-DF2B24E00AD2}.Debug|ARM.ActiveCfg = Debug|ARM
		{439CF984-610A-4A29-B814-DF2B24E00AD2}.Debug|ARM.Build.0 = Debug|ARM
		{439CF984-610A-4A29-B814-DF2B24E00AD2}.Debug|ARM.Deploy.0 = Debug|ARM
		{439CF984-610A-4A29-B814-DF2B24E00AD2}.Debug|x64.ActiveCfg = Debug|x64
		{439CF984-610A-4A29-B814-DF2B24E00AD2}.Debug|x64.Build.0 = Debug|x64
		{439CF984-610A-4A29-B814-DF2B24E00AD2}.Debug|x64.Deploy.0 = Debug|x64
		{439CF984-610A-4A29-B814-DF2B24E00AD2}.Debug|x86.ActiveCfg = Debug|x86
		{439CF984-610A-4A29-B814-DF2B24E00AD2}.Debug|x86.Build.0 = Debug|x86
		{439CF984-610A-4A29-B814-DF2B24E00AD2}.Debug|x86.Deploy.0 = Debug|x86
		{439CF984-610A-4A29-B814-DF2B24E00AD2}.Release|ARM.ActiveCfg = Release|ARM
		{439CF984-610A-4A29-B814-DF2B24E00AD2}.Release|ARM.Build.0 = Release|ARM
		{439CF984-610A-4A29-B814-DF2B24E00AD2}.Release|ARM.Deploy.0 = Release|ARM
		{439CF984-610A-4A29-B814-DF2B24E00AD2}.Release|x64.ActiveCfg = Release|x64
		{439CF984-610A-4A29-B814-DF2B24E00AD2}.Release|x64.Build.0 = Release|x64
		{439CF984-610A-4A29-B814-DF2B24E00AD2}.Release|x64.Deploy.0 = Release|x64
		{439CF984-610A-4A29-B814-DF2B24E00AD2}.Release|x86.ActiveCfg = Release|x86
		{439CF984-610A-4A29-B814-DF2B24E00AD2}.Release|x86.Build.0 = Release|x86
		{439CF984-610A-4A29-B814-DF2B24E00AD2}.Release|x86.Deploy.0 = Release|x86
		{31794E5D-B3D3-4BE8-8E5B-4ADDB729CB16}.Debug|ARM.ActiveCfg = Debug|ARM
		{31794E5D-B3D3-4BE8-8E5B-4ADDB729CB16}.Debug|ARM.Build.0 = Debug|ARM
		{31794E5D-B3D3-4BE8-8E5B-4ADDB729CB16}.Debug|ARM.Deploy.0 = Debug|ARM
		{31794E5D-B3D3-4BE8-8E5B-4ADDB729CB16}.Debug|x64.ActiveCfg = Debug|x64
		{31794E5D-B3D3-4BE8-8E5B-4ADDB729CB16}.Debug|x64.Build.0 = Debug|x64
		{31794E5D-B3D3-4BE8-8E5B-4ADDB729CB16}.Debug|x64.Deploy.0 = Debug|x64
		{31794E5D-B3D3-4BE8-8E5B-4ADDB729CB16}.Debug|x86.ActiveCfg = Debug|x86
		{31794E5D-B3D3-4BE8-8E5B-4ADDB729CB16}.Debug|x86.Build.0 = Debug|x86
		{31794E5D-B3D3-4BE8-8E5B-4ADDB729CB16}.Debug|x86.Deploy.0 = Debug|x86
		{31794E5D-B3D3-4BE8-8E5B-4ADDB729CB16}.Release|ARM.ActiveCfg = Release|ARM
		{31794E5D-B3D3-4BE8-8E5B-4ADDB729CB16}.Release|ARM.Build.0 = Release|ARM
		{31794E5D-B3D3-4BE8-8E5B-4ADDB729CB16}.Release|ARM.Deploy.0 = Release|ARM
		{31794E5D-B3D3-4BE8-8E5B-4ADDB729CB16}.Release|x64.ActiveCfg = Release|x64
		{31794E5D-B3D3-4BE8-8E5B-4ADDB729CB16}.Release|x64.Build.0 = Release|x64
		{31794E5D-B3D3-4BE8-8E5B-4ADDB729CB16}.Release|x64.Deploy.0 = Release|x64
		{31794E5D-B3D3-4BE8-8E5B-4ADDB729CB16}.Release|x86.ActiveCfg = Release|x86
		{31794E5D-B3D3-4BE8-8E5B-4ADDB729CB16}.Release|x86.Build.0 = Release|x86
		{31794E5D-B3D3-4BE8-8E5B-4ADDB729CB16}.Release|x86.Deploy.0 = Release|x86
		{952369ED-7CFA-4086-8FD1-B595A3E9B919}.Debug|ARM.ActiveCfg = Debug|ARM
		{952369ED-7CFA-4086-8FD1-B595A3E9B919}.Debug|ARM.Build.0 = Debug|ARM
		{952369ED-7CFA-4086-8FD1-B595A3E9B919}.Debug|ARM.Deploy.0 = Debug|ARM
		{952369ED-7CFA-4086-8FD1-B595A3E9B919}.Debug|x64.ActiveCfg = Debug|x64
		{952369ED-7CFA-4086-8FD1-B595A3E9B919}.Debug|x64.Build.0 = Debug|x64
		{952369ED-7CFA-4086-8FD1-B595A3E9B919}.Debug|x64.Deploy.0 = Debug|x64
		{952369ED-7CFA-4086-8FD1-B595A3E9B919}.Debug|x86.ActiveCfg = Debug|x86
		{952369ED-7CFA-4086-8FD1-B595A3E9B919}.Debug|x86.Build.0 = Debug|x86
		{952369ED-7CFA-4086-8FD1-B595A3E9B919}.Debug|x86.Deploy.0 = Debug|x86
		{952369ED-7CFA-4086-8FD1-B595A3E9B919}.Release|ARM.ActiveCfg = Release|ARM
		{952369ED-7CFA-4086-8FD1-B595A3E9B919}.Release|ARM.Build.0 = Release|ARM
		{952369ED-7CFA-4086-8FD1-B595A3E9B919}.Release|ARM.Deploy.0 = Release|ARM
		{952369ED-7CFA-4086-8FD1-B595A3E9B919}.Release|x64.ActiveCfg = Release|x64
		{952369ED-7CFA-4086-8FD1-B595A3E9B919}.Release|x64.Build.0 = Release|x64
		{952369ED-7CFA-4086-8FD1-B595A3E9B919}.Release|x64.Deploy.0 = Release|x64
		{952369ED-7CFA-4086-8FD1-B595A3E9B919}.Release|x86.ActiveCfg = Release|x86
		{952369ED-7CFA-4086-8FD1-B595A3E9B919}.Release|x86.Build.0 = Release|x86
		{952369ED-7CFA-4086-8FD1-B595A3E9B919}.Release|x86.Deploy.0 = Release|x86
		{B08D3BEE-5C48-4738-9058-88039A98D714}.Debug|ARM.ActiveCfg = Debug|ARM
		{B08D3BEE-5C48-4738-9058-88039A98D714}.Debug|ARM.Build.0 = Debug|ARM
		{B08D3BEE-5C48-4738-9058-88039A98D714}.Debug|ARM.Deploy.0 = Debug|ARM
		{B08D3BEE-5C48-4738-9058-88039A98D714}.Debug|x64.ActiveCfg = Debug|x64
		{B08D3BEE-5C48-4738-9058-88039A98D714}.Debug|x64.Build.0 = Debug|x64
		{B08D3BEE-5C48-4738-9058-88039A98D714}.Debug|x64.Deploy.0 = Debug|x64
		{B08D3BEE-5C48-4738-9058-88039A98D714}.Debug|x86.ActiveCfg = Debug|x86
		{B08D3BEE-5C48-4738-9058-88039A98D714}.Debug|x86.Build.0 = Debug|x86
		{B08D3BEE-5C48-4738-9058-88039A98D714}.Debug|x86.Deploy.0 = Debug|x86
		{B08D3BEE-5C48-4738-9058-88039A98D714}.Release|ARM.ActiveCfg = Release|ARM
		{B08D3BEE-5C48-4738-9058-88039A98D714}.Release|ARM.Build.0 = Release|ARM
		{B08D3BEE-5C48-4738-9058-88039A98D714}.Release|ARM.Deploy.0 = Release|ARM
		{B08D3BEE-5C48-4738-9058-88039A98D714}.Release|x64.ActiveCfg = Release|x64
		{B08D3BEE-5C48-4738-9058-88039A98D714}.Release|x64.Build.0 = Release|x64
		{B08D3BEE-5C48-4738-9058-88039A98D714}.Release|x64.Deploy.0 = Release|x64
		{B08D3BEE-5C48-4738-9058-88039A98D714}.Release|x86.ActiveCfg = Release|x86
		{B08D3BEE-5C48-4738-9058-88039A98D714}.Release|x86.Build.0 = Release|x86
		{B08D3BEE-5C48-4738-9058-88039A98D714}.Release|x86.Deploy.0 = Release|x86
	EndGlobalSection
	GlobalSection(SolutionProperties) = preSolution
		HideSolutionNode = FALSE
	EndGlobalSection
	GlobalSection(NestedProjects) = preSolution
		{31794E5D-B3D3-4BE8-8E5B-4ADDB729CB16} = {43B464B9-6A8C-4667-B614-A178A4FF7377}
		{952369ED-7CFA-4086-8FD1-B595A3E9B919} = {43B464B9-6A8C-4667-B614-A178A4FF7377}
		{B08D3BEE-5C48-4738-9058-88039A98D714} = {43B464B9-6A8C-4667-B614-A178A4FF7377}
	EndGlobalSection
EndGlobal
